
Microsoft Visual Studio Solution File, Format Version 12.00
# Visual Studio Version 17
VisualStudioVersion = 17.8.34330.188
MinimumVisualStudioVersion = 10.0.40219.1
Project("{FAE04EC0-301F-11D3-BF4B-00C04F79EFBC}") = "Biocoder", "Biocoder.csproj", "{5815CD2B-B329-4B62-BDAE-7C1956B812C0}"
EndProject
Global
	GlobalSection(SolutionConfigurationPlatforms) = preSolution
		1.4|Any CPU = 1.4|Any CPU
		1.5|Any CPU = 1.5|Any CPU
	EndGlobalSection
	GlobalSection(ProjectConfigurationPlatforms) = postSolution
		{5815CD2B-B329-4B62-BDAE-7C1956B812C0}.1.4|Any CPU.ActiveCfg = 1.4|Any CPU
		{5815CD2B-B329-4B62-BDAE-7C1956B812C0}.1.4|Any CPU.Build.0 = 1.4|Any CPU
		{5815CD2B-B329-4B62-BDAE-7C1956B812C0}.1.5|Any CPU.ActiveCfg = 1.5|Any CPU
		{5815CD2B-B329-4B62-BDAE-7C1956B812C0}.1.5|Any CPU.Build.0 = 1.5|Any CPU
	EndGlobalSection
	GlobalSection(SolutionProperties) = preSolution
		HideSolutionNode = FALSE
	EndGlobalSection
	GlobalSection(ExtensibilityGlobals) = postSolution
		SolutionGuid = {ACBD4ACD-768A-452A-B25C-AD43A6BE4536}
	EndGlobalSection
EndGlobal
